
Microsoft Visual Studio Solution File, Format Version 12.00
# Visual Studio 15
VisualStudioVersion = 15.0.26127.3
MinimumVisualStudioVersion = 10.0.40219.1
Project("{FAE04EC0-301F-11D3-BF4B-00C04F79EFBC}") = "MyMVC", "MyMVC\MyMVC.csproj", "{50780786-7DBD-43A2-B275-D3F20192C9E1}"
EndProject
Project("{FAE04EC0-301F-11D3-BF4B-00C04F79EFBC}") = "MyMVC.Entity", "MyMVC.Entity\MyMVC.Entity.csproj", "{918C4D29-1AB5-48D6-86E1-126C275DCAE1}"
EndProject
Project("{FAE04EC0-301F-11D3-BF4B-00C04F79EFBC}") = "MvMVC.Repository", "MvMVC.Repository\MvMVC.Repository.csproj", "{1029565A-8CB7-457D-B511-E23011E06FD8}"
EndProject
Project("{FAE04EC0-301F-11D3-BF4B-00C04F79EFBC}") = "MvMVC.IRepository", "MvMVC.IRepository\MvMVC.IRepository.csproj", "{BB6664AA-9773-42D2-9594-53D2228D6B07}"
EndProject
Project("{2150E333-8FDC-42A3-9474-1A3956D46DE8}") = "Models", "Models", "{3A944E68-D6CB-4369-9732-AB8342B0E3F8}"
EndProject
Project("{2150E333-8FDC-42A3-9474-1A3956D46DE8}") = "Respotiroy", "Respotiroy", "{7200AAEC-26D9-4A25-8903-C34D298E8A3C}"
EndProject
Project("{FAE04EC0-301F-11D3-BF4B-00C04F79EFBC}") = "UnityTest", "UnityTest\UnityTest.csproj", "{B943A441-4D6B-47E0-94F4-244DBD3301D9}"
EndProject
Global
	GlobalSection(SolutionConfigurationPlatforms) = preSolution
		Debug|Any CPU = Debug|Any CPU
		Release|Any CPU = Release|Any CPU
	EndGlobalSection
	GlobalSection(ProjectConfigurationPlatforms) = postSolution
		{50780786-7DBD-43A2-B275-D3F20192C9E1}.Debug|Any CPU.ActiveCfg = Debug|Any CPU
		{50780786-7DBD-43A2-B275-D3F20192C9E1}.Debug|Any CPU.Build.0 = Debug|Any CPU
		{50780786-7DBD-43A2-B275-D3F20192C9E1}.Release|Any CPU.ActiveCfg = Release|Any CPU
		{50780786-7DBD-43A2-B275-D3F20192C9E1}.Release|Any CPU.Build.0 = Release|Any CPU
		{918C4D29-1AB5-48D6-86E1-126C275DCAE1}.Debug|Any CPU.ActiveCfg = Debug|Any CPU
		{918C4D29-1AB5-48D6-86E1-126C275DCAE1}.Debug|Any CPU.Build.0 = Debug|Any CPU
		{918C4D29-1AB5-48D6-86E1-126C275DCAE1}.Release|Any CPU.ActiveCfg = Release|Any CPU
		{918C4D29-1AB5-48D6-86E1-126C275DCAE1}.Release|Any CPU.Build.0 = Release|Any CPU
		{1029565A-8CB7-457D-B511-E23011E06FD8}.Debug|Any CPU.ActiveCfg = Debug|Any CPU
		{1029565A-8CB7-457D-B511-E23011E06FD8}.Debug|Any CPU.Build.0 = Debug|Any CPU
		{1029565A-8CB7-457D-B511-E23011E06FD8}.Release|Any CPU.ActiveCfg = Release|Any CPU
		{1029565A-8CB7-457D-B511-E23011E06FD8}.Release|Any CPU.Build.0 = Release|Any CPU
		{BB6664AA-9773-42D2-9594-53D2228D6B07}.Debug|Any CPU.ActiveCfg = Debug|Any CPU
		{BB6664AA-9773-42D2-9594-53D2228D6B07}.Debug|Any CPU.Build.0 = Debug|Any CPU
		{BB6664AA-9773-42D2-9594-53D2228D6B07}.Release|Any CPU.ActiveCfg = Release|Any CPU
		{BB6664AA-9773-42D2-9594-53D2228D6B07}.Release|Any CPU.Build.0 = Release|Any CPU
		{B943A441-4D6B-47E0-94F4-244DBD3301D9}.Debug|Any CPU.ActiveCfg = Debug|Any CPU
		{B943A441-4D6B-47E0-94F4-244DBD3301D9}.Debug|Any CPU.Build.0 = Debug|Any CPU
		{B943A441-4D6B-47E0-94F4-244DBD3301D9}.Release|Any CPU.ActiveCfg = Release|Any CPU
		{B943A441-4D6B-47E0-94F4-244DBD3301D9}.Release|Any CPU.Build.0 = Release|Any CPU
	EndGlobalSection
	GlobalSection(SolutionProperties) = preSolution
		HideSolutionNode = FALSE
	EndGlobalSection
	GlobalSection(NestedProjects) = preSolution
		{918C4D29-1AB5-48D6-86E1-126C275DCAE1} = {3A944E68-D6CB-4369-9732-AB8342B0E3F8}
		{1029565A-8CB7-457D-B511-E23011E06FD8} = {7200AAEC-26D9-4A25-8903-C34D298E8A3C}
		{BB6664AA-9773-42D2-9594-53D2228D6B07} = {7200AAEC-26D9-4A25-8903-C34D298E8A3C}
	EndGlobalSection
EndGlobal
